{
  "name": "@cribl/app-tooling",
  "version": "0.1.0",
  "lockfileVersion": 3,
  "requires": true,
  "packages": {
    "": {
      "name": "@cribl/app-tooling",
      "version": "0.1.0",
      "license": "MIT",
      "bin": {
        "cribl-app-deploy": "bin/deploy.mjs",
        "cribl-app-inspect": "bin/inspect.mjs",
        "cribl-app-package": "bin/package.mjs",
        "cribl-app-release-evidence": "bin/release-evidence.mjs",
        "cribl-app-security": "bin/security.mjs"
      },
      "engines": {
        "node": ">=22.13.0"
      }
    }
  }
}
